
Microsoft Visual Studio Solution File, Format Version 12.00
# Visual Studio Version 16
VisualStudioVersion = 16.0.30907.101
MinimumVisualStudioVersion = 10.0.40219.1
Project("{FAE04EC0-301F-11D3-BF4B-00C04F79EFBC}") = "StorageQueueProcessor", "StorageQueueProcessor.csproj", "{BBE79FF2-1CC3-4F55-AD29-92C526C4C268}"
EndProject
Global
	GlobalSection(SolutionConfigurationPlatforms) = preSolution
		Debug|Any CPU = Debug|Any CPU
		Release|Any CPU = Release|Any CPU
	EndGlobalSection
	GlobalSection(ProjectConfigurationPlatforms) = postSolution
		{BBE79FF2-1CC3-4F55-AD29-92C526C4C268}.Debug|Any CPU.ActiveCfg = Debug|Any CPU
		{BBE79FF2-1CC3-4F55-AD29-92C526C4C268}.Debug|Any CPU.Build.0 = Debug|Any CPU
		{BBE79FF2-1CC3-4F55-AD29-92C526C4C268}.Release|Any CPU.ActiveCfg = Release|Any CPU
		{BBE79FF2-1CC3-4F55-AD29-92C526C4C268}.Release|Any CPU.Build.0 = Release|Any CPU
	EndGlobalSection
	GlobalSection(SolutionProperties) = preSolution
		HideSolutionNode = FALSE
	EndGlobalSection
	GlobalSection(ExtensibilityGlobals) = postSolution
		SolutionGuid = {58698750-DA22-4190-A31F-F599AC134904}
	EndGlobalSection
EndGlobal
